{
  "name": "scripts",
  "version": "1.0.0",
  "lockfileVersion": 3,
  "requires": true,
  "packages": {
    "": {
      "name": "scripts",
      "version": "1.0.0",
      "license": "ISC",
      "dependencies": {
        "play-dl": "^1.9.7"
      }
    },
    "node_modules/play-audio": {
      "version": "0.5.2",
      "resolved": "https://registry.npmjs.org/play-audio/-/play-audio-0.5.2.tgz",
      "integrity": "sha512-ZAqHUKkQLix2Iga7pPbsf1LpUoBjcpwU93F1l3qBIfxYddQLhxS6GKmS0d3jV8kSVaUbr6NnOEcEMFvuX93SWQ==",
      "license": "GPL-3.0"
    },
    "node_modules/play-dl": {
      "version": "1.9.7",
      "resolved": "https://registry.npmjs.org/play-dl/-/play-dl-1.9.7.tgz",
      "integrity": "sha512-KpgerWxUCY4s9Mhze2qdqPhiqd8Ve6HufpH9mBH3FN+vux55qSh6WJKDabfie8IBHN7lnrAlYcT/UdGax58c2A==",
      "license": "GPL-3.0",
      "dependencies": {
        "play-audio": "^0.5.2"
      },
      "engines": {
        "node": ">=16.0.0"
      }
    }
  }
}
